// !$*UTF8*$!
{
	archiveVersion = 1;
	classes = {
	};
	objectVersion = 56;
	objects = {

/* Begin PBXBuildFile section */
		477782052ACE73A900AD8699 /* AppDelegate.swift in Sources */ = {isa = PBXBuildFile; fileRef = 477782042ACE73A900AD8699 /* AppDelegate.swift */; };
		477782072ACE73A900AD8699 /* SceneDelegate.swift in Sources */ = {isa = PBXBuildFile; fileRef = 477782062ACE73A900AD8699 /* SceneDelegate.swift */; };
		477782092ACE73A900AD8699 /* MainViewController.swift in Sources */ = {isa = PBXBuildFile; fileRef = 477782082ACE73A900AD8699 /* MainViewController.swift */; };
		4777820E2ACE73AA00AD8699 /* Assets.xcassets in Resources */ = {isa = PBXBuildFile; fileRef = 4777820D2ACE73AA00AD8699 /* Assets.xcassets */; };
		477782112ACE73AA00AD8699 /* LaunchScreen.storyboard in Resources */ = {isa = PBXBuildFile; fileRef = 4777820F2ACE73AA00AD8699 /* LaunchScreen.storyboard */; };
		4777821A2ACE766500AD8699 /* MainView.swift in Sources */ = {isa = PBXBuildFile; fileRef = 477782192ACE766500AD8699 /* MainView.swift */; };
		4777821D2ACE781400AD8699 /* SnapKit in Frameworks */ = {isa = PBXBuildFile; productRef = 4777821C2ACE781400AD8699 /* SnapKit */; };
		477782232ACEBD1700AD8699 /* EventCell.swift in Sources */ = {isa = PBXBuildFile; fileRef = 477782222ACEBD1700AD8699 /* EventCell.swift */; };
		477782252ACFAE9800AD8699 /* Event.swift in Sources */ = {isa = PBXBuildFile; fileRef = 477782242ACFAE9800AD8699 /* Event.swift */; };
/* End PBXBuildFile section */

/* Begin PBXFileReference section */
		477782012ACE73A900AD8699 /* Event Calendar.app */ = {isa = PBXFileReference; explicitFileType = wrapper.application; includeInIndex = 0; path = "Event Calendar.app"; sourceTree = BUILT_PRODUCTS_DIR; };
		477782042ACE73A900AD8699 /* AppDelegate.swift */ = {isa = PBXFileReference; lastKnownFileType = sourcecode.swift; path = AppDelegate.swift; sourceTree = "<group>"; };
		477782062ACE73A900AD8699 /* SceneDelegate.swift */ = {isa = PBXFileReference; lastKnownFileType = sourcecode.swift; path = SceneDelegate.swift; sourceTree = "<group>"; };
		477782082ACE73A900AD8699 /* MainViewController.swift */ = {isa = PBXFileReference; lastKnownFileType = sourcecode.swift; path = MainViewController.swift; sourceTree = "<group>"; };
		4777820D2ACE73AA00AD8699 /* Assets.xcassets */ = {isa = PBXFileReference; lastKnownFileType = folder.assetcatalog; path = Assets.xcassets; sourceTree = "<group>"; };
		477782102ACE73AA00AD8699 /* Base */ = {isa = PBXFileReference; lastKnownFileType = file.storyboard; name = Base; path = Base.lproj/LaunchScreen.storyboard; sourceTree = "<group>"; };
		477782122ACE73AA00AD8699 /* Info.plist */ = {isa = PBXFileReference; lastKnownFileType = text.plist.xml; path = Info.plist; sourceTree = "<group>"; };
		477782192ACE766500AD8699 /* MainView.swift */ = {isa = PBXFileReference; lastKnownFileType = sourcecode.swift; path = MainView.swift; sourceTree = "<group>"; };
		477782222ACEBD1700AD8699 /* EventCell.swift */ = {isa = PBXFileReference; lastKnownFileType = sourcecode.swift; path = EventCell.swift; sourceTree = "<group>"; };
		477782242ACFAE9800AD8699 /* Event.swift */ = {isa = PBXFileReference; lastKnownFileType = sourcecode.swift; path = Event.swift; sourceTree = "<group>"; };
/* End PBXFileReference section */

/* Begin PBXFrameworksBuildPhase section */
		477781FE2ACE73A900AD8699 /* Frameworks */ = {
			isa = PBXFrameworksBuildPhase;
			buildActionMask = 2147483647;
			files = (
				4777821D2ACE781400AD8699 /* SnapKit in Frameworks */,
			);
			runOnlyForDeploymentPostprocessing = 0;
		};
/* End PBXFrameworksBuildPhase section */

/* Begin PBXGroup section */
		477781F82ACE73A900AD8699 = {
			isa = PBXGroup;
			children = (
				477782032ACE73A900AD8699 /* Event Calendar */,
				477782022ACE73A900AD8699 /* Products */,
			);
			sourceTree = "<group>";
		};
		477782022ACE73A900AD8699 /* Products */ = {
			isa = PBXGroup;
			children = (
				477782012ACE73A900AD8699 /* Event Calendar.app */,
			);
			name = Products;
			sourceTree = "<group>";
		};
		477782032ACE73A900AD8699 /* Event Calendar */ = {
			isa = PBXGroup;
			children = (
				477782182ACE73CB00AD8699 /* Main */,
				477782042ACE73A900AD8699 /* AppDelegate.swift */,
				477782062ACE73A900AD8699 /* SceneDelegate.swift */,
				4777820D2ACE73AA00AD8699 /* Assets.xcassets */,
				4777820F2ACE73AA00AD8699 /* LaunchScreen.storyboard */,
				477782122ACE73AA00AD8699 /* Info.plist */,
			);
			path = "Event Calendar";
			sourceTree = "<group>";
		};
		477782182ACE73CB00AD8699 /* Main */ = {
			isa = PBXGroup;
			children = (
				477782082ACE73A900AD8699 /* MainViewController.swift */,
				477782192ACE766500AD8699 /* MainView.swift */,
				477782222ACEBD1700AD8699 /* EventCell.swift */,
				477782242ACFAE9800AD8699 /* Event.swift */,
			);
			path = Main;
			sourceTree = "<group>";
		};
/* End PBXGroup section */

/* Begin PBXNativeTarget section */
		477782002ACE73A900AD8699 /* Event Calendar */ = {
			isa = PBXNativeTarget;
			buildConfigurationList = 477782152ACE73AA00AD8699 /* Build configuration list for PBXNativeTarget "Event Calendar" */;
			buildPhases = (
				477781FD2ACE73A900AD8699 /* Sources */,
				477781FE2ACE73A900AD8699 /* Frameworks */,
				477781FF2ACE73A900AD8699 /* Resources */,
			);
			buildRules = (
			);
			dependencies = (
			);
			name = "Event Calendar";
			packageProductDependencies = (
				4777821C2ACE781400AD8699 /* SnapKit */,
			);
			productName = "Event Calendar";
			productReference = 477782012ACE73A900AD8699 /* Event Calendar.app */;
			productType = "com.apple.product-type.application";
		};
/* End PBXNativeTarget section */

/* Begin PBXProject section */
		477781F92ACE73A900AD8699 /* Project object */ = {
			isa = PBXProject;
			attributes = {
				BuildIndependentTargetsInParallel = 1;
				LastSwiftUpdateCheck = 1420;
				LastUpgradeCheck = 1420;
				TargetAttributes = {
					477782002ACE73A900AD8699 = {
						CreatedOnToolsVersion = 14.2;
					};
				};
			};
			buildConfigurationList = 477781FC2ACE73A900AD8699 /* Build configuration list for PBXProject "Event Calendar" */;
			compatibilityVersion = "Xcode 14.0";
			developmentRegion = en;
			hasScannedForEncodings = 0;
			knownRegions = (
				en,
				Base,
			);
			mainGroup = 477781F82ACE73A900AD8699;
			packageReferences = (
				4777821B2ACE781400AD8699 /* XCRemoteSwiftPackageReference "SnapKit" */,
			);
			productRefGroup = 477782022ACE73A900AD8699 /* Products */;
			projectDirPath = "";
			projectRoot = "";
			targets = (
				477782002ACE73A900AD8699 /* Event Calendar */,
			);
		};
/* End PBXProject section */

/* Begin PBXResourcesBuildPhase section */
		477781FF2ACE73A900AD8699 /* Resources */ = {
			isa = PBXResourcesBuildPhase;
			buildActionMask = 2147483647;
			files = (
				477782112ACE73AA00AD8699 /* LaunchScreen.storyboard in Resources */,
				4777820E2ACE73AA00AD8699 /* Assets.xcassets in Resources */,
			);
			runOnlyForDeploymentPostprocessing = 0;
		};
/* End PBXResourcesBuildPhase section */

/* Begin PBXSourcesBuildPhase section */
		477781FD2ACE73A900AD8699 /* Sources */ = {
			isa = PBXSourcesBuildPhase;
			buildActionMask = 2147483647;
			files = (
				477782092ACE73A900AD8699 /* MainViewController.swift in Sources */,
				4777821A2ACE766500AD8699 /* MainView.swift in Sources */,
				477782232ACEBD1700AD8699 /* EventCell.swift in Sources */,
				477782052ACE73A900AD8699 /* AppDelegate.swift in Sources */,
				477782252ACFAE9800AD8699 /* Event.swift in Sources */,
				477782072ACE73A900AD8699 /* SceneDelegate.swift in Sources */,
			);
			runOnlyForDeploymentPostprocessing = 0;
		};
/* End PBXSourcesBuildPhase section */

/* Begin PBXVariantGroup section */
		4777820F2ACE73AA00AD8699 /* LaunchScreen.storyboard */ = {
			isa = PBXVariantGroup;
			children = (
				477782102ACE73AA00AD8699 /* Base */,
			);
			name = LaunchScreen.storyboard;
			sourceTree = "<group>";
		};
/* End PBXVariantGroup section */

/* Begin XCBuildConfiguration section */
		477782132ACE73AA00AD8699 /* Debug */ = {
			isa = XCBuildConfiguration;
			buildSettings = {
				ALWAYS_SEARCH_USER_PATHS = NO;
				CLANG_ANALYZER_NONNULL = YES;
				CLANG_ANALYZER_NUMBER_OBJECT_CONVERSION = YES_AGGRESSIVE;
				CLANG_CXX_LANGUAGE_STANDARD = "gnu++20";
				CLANG_ENABLE_MODULES = YES;
				CLANG_ENABLE_OBJC_ARC = YES;
				CLANG_ENABLE_OBJC_WEAK = YES;
				CLANG_WARN_BLOCK_CAPTURE_AUTORELEASING = YES;
				CLANG_WARN_BOOL_CONVERSION = YES;
				CLANG_WARN_COMMA = YES;
				CLANG_WARN_CONSTANT_CONVERSION = YES;
				CLANG_WARN_DEPRECATED_OBJC_IMPLEMENTATIONS = YES;
				CLANG_WARN_DIRECT_OBJC_ISA_USAGE = YES_ERROR;
				CLANG_WARN_DOCUMENTATION_COMMENTS = YES;
				CLANG_WARN_EMPTY_BODY = YES;
				CLANG_WARN_ENUM_CONVERSION = YES;
				CLANG_WARN_INFINITE_RECURSION = YES;
				CLANG_WARN_INT_CONVERSION = YES;
				CLANG_WARN_NON_LITERAL_NULL_CONVERSION = YES;
				CLANG_WARN_OBJC_IMPLICIT_RETAIN_SELF = YES;
				CLANG_WARN_OBJC_LITERAL_CONVERSION = YES;
				CLANG_WARN_OBJC_ROOT_CLASS = YES_ERROR;
				CLANG_WARN_QUOTED_INCLUDE_IN_FRAMEWORK_HEADER = YES;
				CLANG_WARN_RANGE_LOOP_ANALYSIS = YES;
				CLANG_WARN_STRICT_PROTOTYPES = YES;
				CLANG_WARN_SUSPICIOUS_MOVE = YES;
				CLANG_WARN_UNGUARDED_AVAILABILITY = YES_AGGRESSIVE;
				CLANG_WARN_UNREACHABLE_CODE = YES;
				CLANG_WARN__DUPLICATE_METHOD_MATCH = YES;
				COPY_PHASE_STRIP = NO;
				DEBUG_INFORMATION_FORMAT = dwarf;
				ENABLE_STRICT_OBJC_MSGSEND = YES;
				ENABLE_TESTABILITY = YES;
				GCC_C_LANGUAGE_STANDARD = gnu11;
				GCC_DYNAMIC_NO_PIC = NO;
				GCC_NO_COMMON_BLOCKS = YES;
				GCC_OPTIMIZATION_LEVEL = 0;
				GCC_PREPROCESSOR_DEFINITIONS = (
					"DEBUG=1",
					"$(inherited)",
				);
				GCC_WARN_64_TO_32_BIT_CONVERSION = YES;
				GCC_WARN_ABOUT_RETURN_TYPE = YES_ERROR;
				GCC_WARN_UNDECLARED_SELECTOR = YES;
				GCC_WARN_UNINITIALIZED_AUTOS = YES_AGGRESSIVE;
				GCC_WARN_UNUSED_FUNCTION = YES;
				GCC_WARN_UNUSED_VARIABLE = YES;
				IPHONEOS_DEPLOYMENT_TARGET = 16.2;
				MTL_ENABLE_DEBUG_INFO = INCLUDE_SOURCE;
				MTL_FAST_MATH = YES;
				ONLY_ACTIVE_ARCH = YES;
				SDKROOT = iphoneos;
				SWIFT_ACTIVE_COMPILATION_CONDITIONS = DEBUG;
				SWIFT_OPTIMIZATION_LEVEL = "-Onone";
			};
			name = Debug;
		};
		477782142ACE73AA00AD8699 /* Release */ = {
			isa = XCBuildConfiguration;
			buildSettings = {
				ALWAYS_SEARCH_USER_PATHS = NO;
				CLANG_ANALYZER_NONNULL = YES;
				CLANG_ANALYZER_NUMBER_OBJECT_CONVERSION = YES_AGGRESSIVE;
				CLANG_CXX_LANGUAGE_STANDARD = "gnu++20";
				CLANG_ENABLE_MODULES = YES;
				CLANG_ENABLE_OBJC_ARC = YES;
				CLANG_ENABLE_OBJC_WEAK = YES;
				CLANG_WARN_BLOCK_CAPTURE_AUTORELEASING = YES;
				CLANG_WARN_BOOL_CONVERSION = YES;
				CLANG_WARN_COMMA = YES;
				CLANG_WARN_CONSTANT_CONVERSION = YES;
				CLANG_WARN_DEPRECATED_OBJC_IMPLEMENTATIONS = YES;
				CLANG_WARN_DIRECT_OBJC_ISA_USAGE = YES_ERROR;
				CLANG_WARN_DOCUMENTATION_COMMENTS = YES;
				CLANG_WARN_EMPTY_BODY = YES;
				CLANG_WARN_ENUM_CONVERSION = YES;
				CLANG_WARN_INFINITE_RECURSION = YES;
				CLANG_WARN_INT_CONVERSION = YES;
				CLANG_WARN_NON_LITERAL_NULL_CONVERSION = YES;
				CLANG_WARN_OBJC_IMPLICIT_RETAIN_SELF = YES;
				CLANG_WARN_OBJC_LITERAL_CONVERSION = YES;
				CLANG_WARN_OBJC_ROOT_CLASS = YES_ERROR;
				CLANG_WARN_QUOTED_INCLUDE_IN_FRAMEWORK_HEADER = YES;
				CLANG_WARN_RANGE_LOOP_ANALYSIS = YES;
				CLANG_WARN_STRICT_PROTOTYPES = YES;
				CLANG_WARN_SUSPICIOUS_MOVE = YES;
				CLANG_WARN_UNGUARDED_AVAILABILITY = YES_AGGRESSIVE;
				CLANG_WARN_UNREACHABLE_CODE = YES;
				CLANG_WARN__DUPLICATE_METHOD_MATCH = YES;
				COPY_PHASE_STRIP = NO;
				DEBUG_INFORMATION_FORMAT = "dwarf-with-dsym";
				ENABLE_NS_ASSERTIONS = NO;
				ENABLE_STRICT_OBJC_MSGSEND = YES;
				GCC_C_LANGUAGE_STANDARD = gnu11;
				GCC_NO_COMMON_BLOCKS = YES;
				GCC_WARN_64_TO_32_BIT_CONVERSION = YES;
				GCC_WARN_ABOUT_RETURN_TYPE = YES_ERROR;
				GCC_WARN_UNDECLARED_SELECTOR = YES;
				GCC_WARN_UNINITIALIZED_AUTOS = YES_AGGRESSIVE;
				GCC_WARN_UNUSED_FUNCTION = YES;
				GCC_WARN_UNUSED_VARIABLE = YES;
				IPHONEOS_DEPLOYMENT_TARGET = 16.2;
				MTL_ENABLE_DEBUG_INFO = NO;
				MTL_FAST_MATH = YES;
				SDKROOT = iphoneos;
				SWIFT_COMPILATION_MODE = wholemodule;
				SWIFT_OPTIMIZATION_LEVEL = "-O";
				VALIDATE_PRODUCT = YES;
			};
			name = Release;
		};
		477782162ACE73AA00AD8699 /* Debug */ = {
			isa = XCBuildConfiguration;
			buildSettings = {
				ASSETCATALOG_COMPILER_APPICON_NAME = AppIcon;
				ASSETCATALOG_COMPILER_GLOBAL_ACCENT_COLOR_NAME = AccentColor;
				CODE_SIGN_STYLE = Automatic;
				CURRENT_PROJECT_VERSION = 1;
				GENERATE_INFOPLIST_FILE = YES;
				INFOPLIST_FILE = "Event Calendar/Info.plist";
				INFOPLIST_KEY_UIApplicationSupportsIndirectInputEvents = YES;
				INFOPLIST_KEY_UILaunchStoryboardName = LaunchScreen;
				INFOPLIST_KEY_UISupportedInterfaceOrientations = UIInterfaceOrientationPortrait;
				INFOPLIST_KEY_UISupportedInterfaceOrientations_iPad = "UIInterfaceOrientationLandscapeLeft UIInterfaceOrientationLandscapeRight UIInterfaceOrientationPortrait UIInterfaceOrientationPortraitUpsideDown";
				LD_RUNPATH_SEARCH_PATHS = (
					"$(inherited)",
					"@executable_path/Frameworks",
				);
				MARKETING_VERSION = 1.0;
				PRODUCT_BUNDLE_IDENTIFIER = "com.abgdrv.Event-Calendar";
				PRODUCT_NAME = "$(TARGET_NAME)";
				SWIFT_EMIT_LOC_STRINGS = YES;
				SWIFT_VERSION = 5.0;
				TARGETED_DEVICE_FAMILY = "1,2";
			};
			name = Debug;
		};
		477782172ACE73AA00AD8699 /* Release */ = {
			isa = XCBuildConfiguration;
			buildSettings = {
				ASSETCATALOG_COMPILER_APPICON_NAME = AppIcon;
				ASSETCATALOG_COMPILER_GLOBAL_ACCENT_COLOR_NAME = AccentColor;
				CODE_SIGN_STYLE = Automatic;
				CURRENT_PROJECT_VERSION = 1;
				GENERATE_INFOPLIST_FILE = YES;
				INFOPLIST_FILE = "Event Calendar/Info.plist";
				INFOPLIST_KEY_UIApplicationSupportsIndirectInputEvents = YES;
				INFOPLIST_KEY_UILaunchStoryboardName = LaunchScreen;
				INFOPLIST_KEY_UISupportedInterfaceOrientations = UIInterfaceOrientationPortrait;
				INFOPLIST_KEY_UISupportedInterfaceOrientations_iPad = "UIInterfaceOrientationLandscapeLeft UIInterfaceOrientationLandscapeRight UIInterfaceOrientationPortrait UIInterfaceOrientationPortraitUpsideDown";
				LD_RUNPATH_SEARCH_PATHS = (
					"$(inherited)",
					"@executable_path/Frameworks",
				);
				MARKETING_VERSION = 1.0;
				PRODUCT_BUNDLE_IDENTIFIER = "com.abgdrv.Event-Calendar";
				PRODUCT_NAME = "$(TARGET_NAME)";
				SWIFT_EMIT_LOC_STRINGS = YES;
				SWIFT_VERSION = 5.0;
				TARGETED_DEVICE_FAMILY = "1,2";
			};
			name = Release;
		};
/* End XCBuildConfiguration section */

/* Begin XCConfigurationList section */
		477781FC2ACE73A900AD8699 /* Build configuration list for PBXProject "Event Calendar" */ = {
			isa = XCConfigurationList;
			buildConfigurations = (
				477782132ACE73AA00AD8699 /* Debug */,
				477782142ACE73AA00AD8699 /* Release */,
			);
			defaultConfigurationIsVisible = 0;
			defaultConfigurationName = Release;
		};
		477782152ACE73AA00AD8699 /* Build configuration list for PBXNativeTarget "Event Calendar" */ = {
			isa = XCConfigurationList;
			buildConfigurations = (
				477782162ACE73AA00AD8699 /* Debug */,
				477782172ACE73AA00AD8699 /* Release */,
			);
			defaultConfigurationIsVisible = 0;
			defaultConfigurationName = Release;
		};
/* End XCConfigurationList section */

/* Begin XCRemoteSwiftPackageReference section */
		4777821B2ACE781400AD8699 /* XCRemoteSwiftPackageReference "SnapKit" */ = {
			isa = XCRemoteSwiftPackageReference;
			repositoryURL = "https://github.com/SnapKit/SnapKit.git";
			requirement = {
				branch = develop;
				kind = branch;
			};
		};
/* End XCRemoteSwiftPackageReference section */

/* Begin XCSwiftPackageProductDependency section */
		4777821C2ACE781400AD8699 /* SnapKit */ = {
			isa = XCSwiftPackageProductDependency;
			package = 4777821B2ACE781400AD8699 /* XCRemoteSwiftPackageReference "SnapKit" */;
			productName = SnapKit;
		};
/* End XCSwiftPackageProductDependency section */
	};
	rootObject = 477781F92ACE73A900AD8699 /* Project object */;
}
